
Microsoft Visual Studio Solution File, Format Version 12.00
# Visual Studio 15
VisualStudioVersion = 15.0.28307.136
MinimumVisualStudioVersion = 10.0.40219.1
Project("{FAE04EC0-301F-11D3-BF4B-00C04F79EFBC}") = "Naptar", "Naptar\Naptar.csproj", "{FC4FDCCB-BF19-4E97-8364-131F28BA1C2D}"
EndProject
Global
	GlobalSection(SolutionConfigurationPlatforms) = preSolution
		Debug|Any CPU = Debug|Any CPU
		Release|Any CPU = Release|Any CPU
	EndGlobalSection
	GlobalSection(ProjectConfigurationPlatforms) = postSolution
		{FC4FDCCB-BF19-4E97-8364-131F28BA1C2D}.Debug|Any CPU.ActiveCfg = Debug|Any CPU
		{FC4FDCCB-BF19-4E97-8364-131F28BA1C2D}.Debug|Any CPU.Build.0 = Debug|Any CPU
		{FC4FDCCB-BF19-4E97-8364-131F28BA1C2D}.Release|Any CPU.ActiveCfg = Release|Any CPU
		{FC4FDCCB-BF19-4E97-8364-131F28BA1C2D}.Release|Any CPU.Build.0 = Release|Any CPU
	EndGlobalSection
	GlobalSection(SolutionProperties) = preSolution
		HideSolutionNode = FALSE
	EndGlobalSection
	GlobalSection(ExtensibilityGlobals) = postSolution
		SolutionGuid = {D63ACBDE-1975-4820-90B6-ED56CA8CE078}
	EndGlobalSection
EndGlobal
